
Microsoft Visual Studio Solution File, Format Version 12.00
# Visual Studio Version 17
VisualStudioVersion = 17.5.33530.505
MinimumVisualStudioVersion = 10.0.40219.1
Project("{9A19103F-16F7-4668-BE54-9A1E7A4F7556}") = "SYTD_4AHIT_Chess.WebAPI", "SYTD_4AHIT_Chess.WebAPI\SYTD_4AHIT_Chess.WebAPI.csproj", "{0C6C213B-9D93-4D27-B87C-0D6FEAEE6BC3}"
EndProject
Project("{FAE04EC0-301F-11D3-BF4B-00C04F79EFBC}") = "SYTD_4AHIT_Chess.Domain", "SYTD_4AHIT_Chess.Domain\SYTD_4AHIT_Chess.Domain.csproj", "{8D447274-C22A-4414-BF2D-A22D0A689555}"
EndProject
Project("{FAE04EC0-301F-11D3-BF4B-00C04F79EFBC}") = "SYTD_4AHIT_Chess.Application", "SYTD_4AHIT_Chess.Application\SYTD_4AHIT_Chess.Application.csproj", "{37B40277-83BC-432D-B535-10FD507FE284}"
EndProject
Global
	GlobalSection(SolutionConfigurationPlatforms) = preSolution
		Debug|Any CPU = Debug|Any CPU
		Release|Any CPU = Release|Any CPU
	EndGlobalSection
	GlobalSection(ProjectConfigurationPlatforms) = postSolution
		{0C6C213B-9D93-4D27-B87C-0D6FEAEE6BC3}.Debug|Any CPU.ActiveCfg = Debug|Any CPU
		{0C6C213B-9D93-4D27-B87C-0D6FEAEE6BC3}.Debug|Any CPU.Build.0 = Debug|Any CPU
		{0C6C213B-9D93-4D27-B87C-0D6FEAEE6BC3}.Release|Any CPU.ActiveCfg = Release|Any CPU
		{0C6C213B-9D93-4D27-B87C-0D6FEAEE6BC3}.Release|Any CPU.Build.0 = Release|Any CPU
		{8D447274-C22A-4414-BF2D-A22D0A689555}.Debug|Any CPU.ActiveCfg = Debug|Any CPU
		{8D447274-C22A-4414-BF2D-A22D0A689555}.Debug|Any CPU.Build.0 = Debug|Any CPU
		{8D447274-C22A-4414-BF2D-A22D0A689555}.Release|Any CPU.ActiveCfg = Release|Any CPU
		{8D447274-C22A-4414-BF2D-A22D0A689555}.Release|Any CPU.Build.0 = Release|Any CPU
		{37B40277-83BC-432D-B535-10FD507FE284}.Debug|Any CPU.ActiveCfg = Debug|Any CPU
		{37B40277-83BC-432D-B535-10FD507FE284}.Debug|Any CPU.Build.0 = Debug|Any CPU
		{37B40277-83BC-432D-B535-10FD507FE284}.Release|Any CPU.ActiveCfg = Release|Any CPU
		{37B40277-83BC-432D-B535-10FD507FE284}.Release|Any CPU.Build.0 = Release|Any CPU
	EndGlobalSection
	GlobalSection(SolutionProperties) = preSolution
		HideSolutionNode = FALSE
	EndGlobalSection
	GlobalSection(ExtensibilityGlobals) = postSolution
		SolutionGuid = {61120EE9-6A80-4452-A573-5F4F534B8833}
	EndGlobalSection
EndGlobal
